
Microsoft Visual Studio Solution File, Format Version 12.00
Project("{2150E333-8FDC-42A3-9474-1A3956D46DE8}") = "src", "src", "{28AE249C-7974-40FB-B271-F146D4359BC8}"
EndProject
Project("{2150E333-8FDC-42A3-9474-1A3956D46DE8}") = "samples", "samples", "{85EE02B9-5483-4FE0-9740-FA5E690388C3}"
EndProject
Project("{2150E333-8FDC-42A3-9474-1A3956D46DE8}") = "tests", "tests", "{946B7C7A-063A-4519-B769-58A941E214FE}"
EndProject
Project("{FAE04EC0-301F-11D3-BF4B-00C04F79EFBC}") = "Cosmos.Extensions.ObjectPools", "src\Cosmos.Extensions.ObjectPools\Cosmos.Extensions.ObjectPools.csproj", "{B2EA6256-AD1E-4A6D-B26C-8C0EEF6E611F}"
EndProject
Project("{FAE04EC0-301F-11D3-BF4B-00C04F79EFBC}") = "Samples.BasicSample", "samples\Samples.BasicSample\Samples.BasicSample.csproj", "{D2B12B8B-A060-427C-8205-D19BE5B850C8}"
EndProject
Project("{FAE04EC0-301F-11D3-BF4B-00C04F79EFBC}") = "Samples.BasicSample.NonGeneric", "samples\Samples.BasicSample.NonGeneric\Samples.BasicSample.NonGeneric.csproj", "{46EC3DFD-42CB-4F73-809F-B47A77B63B5E}"
EndProject
Project("{2150E333-8FDC-42A3-9474-1A3956D46DE8}") = "docs", "docs", "{9A47169E-EE73-421F-BAB5-20E819B1A440}"
ProjectSection(SolutionItems) = preProject
	README.md = README.md
EndProjectSection
EndProject
Project("{2150E333-8FDC-42A3-9474-1A3956D46DE8}") = "asset", "asset", "{BA3AB360-8A4E-438F-95C0-D6730050F5CB}"
EndProject
Project("{2150E333-8FDC-42A3-9474-1A3956D46DE8}") = "images", "images", "{767E7784-B30A-41EE-871B-33B35160D196}"
ProjectSection(SolutionItems) = preProject
	asset\images\icon.back.png = asset\images\icon.back.png
	asset\images\icon.png = asset\images\icon.png
	asset\images\icon,back3.png = asset\images\icon,back3.png
	asset\images\icon.back2.png = asset\images\icon.back2.png
EndProjectSection
EndProject
Project("{2150E333-8FDC-42A3-9474-1A3956D46DE8}") = "props", "props", "{85CA81C4-4E75-45AA-820F-100A80EB6F6C}"
ProjectSection(SolutionItems) = preProject
	asset\props\misc.props = asset\props\misc.props
	asset\props\package.props = asset\props\package.props
	asset\props\sourcelink.env.props = asset\props\sourcelink.env.props
	asset\props\target.feature.props = asset\props\target.feature.props
EndProjectSection
EndProject
Project("{2150E333-8FDC-42A3-9474-1A3956D46DE8}") = "solution", "solution", "{82E226FD-97E2-42EB-B461-10F480EC7ECD}"
ProjectSection(SolutionItems) = preProject
	.gitignore = .gitignore
	common.props = common.props
	common.tests.props = common.tests.props
	LICENSE = LICENSE
	logo.png = logo.png
	asset\version.props = asset\version.props
	asset\version.dev.props = asset\version.dev.props
EndProjectSection
EndProject
Project("{2150E333-8FDC-42A3-9474-1A3956D46DE8}") = "scripts", "scripts", "{766C2B5C-6069-4AD9-BEA0-C8924C372ADA}"
	ProjectSection(SolutionItems) = preProject
		scripts\Beta.bat = scripts\Beta.bat
		scripts\Beta_WithoutBuild.bat = scripts\Beta_WithoutBuild.bat
		scripts\BuildOnly.bat = scripts\BuildOnly.bat
		scripts\Nightly.bat = scripts\Nightly.bat
		scripts\Nightly_WithoutBuild.bat = scripts\Nightly_WithoutBuild.bat
		scripts\Release.bat = scripts\Release.bat
		scripts\Release_WithoutBuild.bat = scripts\Release_WithoutBuild.bat
	EndProjectSection
EndProject
Global
	GlobalSection(SolutionConfigurationPlatforms) = preSolution
		Debug|Any CPU = Debug|Any CPU
		Release|Any CPU = Release|Any CPU
	EndGlobalSection
	GlobalSection(NestedProjects) = preSolution
		{B2EA6256-AD1E-4A6D-B26C-8C0EEF6E611F} = {28AE249C-7974-40FB-B271-F146D4359BC8}
		{D2B12B8B-A060-427C-8205-D19BE5B850C8} = {85EE02B9-5483-4FE0-9740-FA5E690388C3}
		{46EC3DFD-42CB-4F73-809F-B47A77B63B5E} = {85EE02B9-5483-4FE0-9740-FA5E690388C3}
		{767E7784-B30A-41EE-871B-33B35160D196} = {BA3AB360-8A4E-438F-95C0-D6730050F5CB}
		{85CA81C4-4E75-45AA-820F-100A80EB6F6C} = {BA3AB360-8A4E-438F-95C0-D6730050F5CB}
	EndGlobalSection
	GlobalSection(ProjectConfigurationPlatforms) = postSolution
		{B2EA6256-AD1E-4A6D-B26C-8C0EEF6E611F}.Debug|Any CPU.ActiveCfg = Debug|Any CPU
		{B2EA6256-AD1E-4A6D-B26C-8C0EEF6E611F}.Debug|Any CPU.Build.0 = Debug|Any CPU
		{B2EA6256-AD1E-4A6D-B26C-8C0EEF6E611F}.Release|Any CPU.ActiveCfg = Release|Any CPU
		{B2EA6256-AD1E-4A6D-B26C-8C0EEF6E611F}.Release|Any CPU.Build.0 = Release|Any CPU
		{D2B12B8B-A060-427C-8205-D19BE5B850C8}.Debug|Any CPU.ActiveCfg = Debug|Any CPU
		{D2B12B8B-A060-427C-8205-D19BE5B850C8}.Debug|Any CPU.Build.0 = Debug|Any CPU
		{D2B12B8B-A060-427C-8205-D19BE5B850C8}.Release|Any CPU.ActiveCfg = Release|Any CPU
		{D2B12B8B-A060-427C-8205-D19BE5B850C8}.Release|Any CPU.Build.0 = Release|Any CPU
		{46EC3DFD-42CB-4F73-809F-B47A77B63B5E}.Debug|Any CPU.ActiveCfg = Debug|Any CPU
		{46EC3DFD-42CB-4F73-809F-B47A77B63B5E}.Debug|Any CPU.Build.0 = Debug|Any CPU
		{46EC3DFD-42CB-4F73-809F-B47A77B63B5E}.Release|Any CPU.ActiveCfg = Release|Any CPU
		{46EC3DFD-42CB-4F73-809F-B47A77B63B5E}.Release|Any CPU.Build.0 = Release|Any CPU
	EndGlobalSection
EndGlobal
